
Microsoft Visual Studio Solution File, Format Version 12.00
# Visual Studio 16
Project("{FAE04EC0-301F-11D3-BF4B-00C04F79EFBC}") = "Assembly-CSharp", "Assembly-CSharp.csproj", "{7A22AFB5-DDC0-02DC-5699-556C66CD140E}"
EndProject
Project("{FAE04EC0-301F-11D3-BF4B-00C04F79EFBC}") = "Assembly-CSharp-Editor", "Assembly-CSharp-Editor.csproj", "{41F5EE1F-E2E5-7061-3ED8-39B9C492B676}"
EndProject
Global
	GlobalSection(SolutionConfigurationPlatforms) = preSolution
		Debug|Any CPU = Debug|Any CPU
		Release|Any CPU = Release|Any CPU
	EndGlobalSection
	GlobalSection(ProjectConfigurationPlatforms) = postSolution
		{7A22AFB5-DDC0-02DC-5699-556C66CD140E}.Debug|Any CPU.ActiveCfg = Debug|Any CPU
		{7A22AFB5-DDC0-02DC-5699-556C66CD140E}.Debug|Any CPU.Build.0 = Debug|Any CPU
		{7A22AFB5-DDC0-02DC-5699-556C66CD140E}.Release|Any CPU.ActiveCfg = Release|Any CPU
		{7A22AFB5-DDC0-02DC-5699-556C66CD140E}.Release|Any CPU.Build.0 = Release|Any CPU
		{41F5EE1F-E2E5-7061-3ED8-39B9C492B676}.Debug|Any CPU.ActiveCfg = Debug|Any CPU
		{41F5EE1F-E2E5-7061-3ED8-39B9C492B676}.Debug|Any CPU.Build.0 = Debug|Any CPU
		{41F5EE1F-E2E5-7061-3ED8-39B9C492B676}.Release|Any CPU.ActiveCfg = Release|Any CPU
		{41F5EE1F-E2E5-7061-3ED8-39B9C492B676}.Release|Any CPU.Build.0 = Release|Any CPU
	EndGlobalSection
	GlobalSection(SolutionProperties) = preSolution
		HideSolutionNode = FALSE
	EndGlobalSection
	GlobalSection(MonoDevelopProperties) = preSolution
		StartupItem = Assembly-CSharp.csproj
	EndGlobalSection
EndGlobal
